
Microsoft Visual Studio Solution File, Format Version 12.00
# Visual Studio 15
VisualStudioVersion = 15.0.26430.12
MinimumVisualStudioVersion = 10.0.40219.1
Project("{FAE04EC0-301F-11D3-BF4B-00C04F79EFBC}") = "NativeEmbedding.Android", "NativeEmbedding\NativeEmbedding.Android\NativeEmbedding.Android.csproj", "{2FEC9A4E-E979-418F-9F70-148C098B102E}"
EndProject
Project("{FAE04EC0-301F-11D3-BF4B-00C04F79EFBC}") = "NativeEmbedding.iOS", "NativeEmbedding\NativeEmbedding.iOS\NativeEmbedding.iOS.csproj", "{64927710-1096-4306-83A7-673752104161}"
EndProject
Project("{FAE04EC0-301F-11D3-BF4B-00C04F79EFBC}") = "NativeEmbedding.UWP", "NativeEmbedding\NativeEmbedding.UWP\NativeEmbedding.UWP.csproj", "{4C1BCB25-6E56-4529-92B1-7BBD033A9C47}"
EndProject
Project("{FAE04EC0-301F-11D3-BF4B-00C04F79EFBC}") = "NativeEmbedding", "NativeEmbedding\NativeEmbedding\NativeEmbedding.csproj", "{46B7A6F7-C182-470A-A9F0-7464F8BE96BA}"
EndProject
Global
	GlobalSection(SolutionConfigurationPlatforms) = preSolution
		Debug|Any CPU = Debug|Any CPU
		Debug|ARM = Debug|ARM
		Debug|iPhone = Debug|iPhone
		Debug|iPhoneSimulator = Debug|iPhoneSimulator
		Debug|x64 = Debug|x64
		Debug|x86 = Debug|x86
		Release|Any CPU = Release|Any CPU
		Release|ARM = Release|ARM
		Release|iPhone = Release|iPhone
		Release|iPhoneSimulator = Release|iPhoneSimulator
		Release|x64 = Release|x64
		Release|x86 = Release|x86
	EndGlobalSection
	GlobalSection(ProjectConfigurationPlatforms) = postSolution
		{2FEC9A4E-E979-418F-9F70-148C098B102E}.Debug|Any CPU.ActiveCfg = Debug|Any CPU
		{2FEC9A4E-E979-418F-9F70-148C098B102E}.Debug|Any CPU.Build.0 = Debug|Any CPU
		{2FEC9A4E-E979-418F-9F70-148C098B102E}.Debug|Any CPU.Deploy.0 = Debug|Any CPU
		{2FEC9A4E-E979-418F-9F70-148C098B102E}.Debug|ARM.ActiveCfg = Debug|Any CPU
		{2FEC9A4E-E979-418F-9F70-148C098B102E}.Debug|ARM.Build.0 = Debug|Any CPU
		{2FEC9A4E-E979-418F-9F70-148C098B102E}.Debug|ARM.Deploy.0 = Debug|Any CPU
		{2FEC9A4E-E979-418F-9F70-148C098B102E}.Debug|iPhone.ActiveCfg = Debug|Any CPU
		{2FEC9A4E-E979-418F-9F70-148C098B102E}.Debug|iPhone.Build.0 = Debug|Any CPU
		{2FEC9A4E-E979-418F-9F70-148C098B102E}.Debug|iPhone.Deploy.0 = Debug|Any CPU
		{2FEC9A4E-E979-418F-9F70-148C098B102E}.Debug|iPhoneSimulator.ActiveCfg = Debug|Any CPU
		{2FEC9A4E-E979-418F-9F70-148C098B102E}.Debug|iPhoneSimulator.Build.0 = Debug|Any CPU
		{2FEC9A4E-E979-418F-9F70-148C098B102E}.Debug|iPhoneSimulator.Deploy.0 = Debug|Any CPU
		{2FEC9A4E-E979-418F-9F70-148C098B102E}.Debug|x64.ActiveCfg = Debug|Any CPU
		{2FEC9A4E-E979-418F-9F70-148C098B102E}.Debug|x64.Build.0 = Debug|Any CPU
		{2FEC9A4E-E979-418F-9F70-148C098B102E}.Debug|x64.Deploy.0 = Debug|Any CPU
		{2FEC9A4E-E979-418F-9F70-148C098B102E}.Debug|x86.ActiveCfg = Debug|Any CPU
		{2FEC9A4E-E979-418F-9F70-148C098B102E}.Debug|x86.Build.0 = Debug|Any CPU
		{2FEC9A4E-E979-418F-9F70-148C098B102E}.Debug|x86.Deploy.0 = Debug|Any CPU
		{2FEC9A4E-E979-418F-9F70-148C098B102E}.Release|Any CPU.ActiveCfg = Release|Any CPU
		{2FEC9A4E-E979-418F-9F70-148C098B102E}.Release|Any CPU.Build.0 = Release|Any CPU
		{2FEC9A4E-E979-418F-9F70-148C098B102E}.Release|Any CPU.Deploy.0 = Release|Any CPU
		{2FEC9A4E-E979-418F-9F70-148C098B102E}.Release|ARM.ActiveCfg = Release|Any CPU
		{2FEC9A4E-E979-418F-9F70-148C098B102E}.Release|ARM.Build.0 = Release|Any CPU
		{2FEC9A4E-E979-418F-9F70-148C098B102E}.Release|ARM.Deploy.0 = Release|Any CPU
		{2FEC9A4E-E979-418F-9F70-148C098B102E}.Release|iPhone.ActiveCfg = Release|Any CPU
		{2FEC9A4E-E979-418F-9F70-148C098B102E}.Release|iPhone.Build.0 = Release|Any CPU
		{2FEC9A4E-E979-418F-9F70-148C098B102E}.Release|iPhone.Deploy.0 = Release|Any CPU
		{2FEC9A4E-E979-418F-9F70-148C098B102E}.Release|iPhoneSimulator.ActiveCfg = Release|Any CPU
		{2FEC9A4E-E979-418F-9F70-148C098B102E}.Release|iPhoneSimulator.Build.0 = Release|Any CPU
		{2FEC9A4E-E979-418F-9F70-148C098B102E}.Release|iPhoneSimulator.Deploy.0 = Release|Any CPU
		{2FEC9A4E-E979-418F-9F70-148C098B102E}.Release|x64.ActiveCfg = Release|Any CPU
		{2FEC9A4E-E979-418F-9F70-148C098B102E}.Release|x64.Build.0 = Release|Any CPU
		{2FEC9A4E-E979-418F-9F70-148C098B102E}.Release|x64.Deploy.0 = Release|Any CPU
		{2FEC9A4E-E979-418F-9F70-148C098B102E}.Release|x86.ActiveCfg = Release|Any CPU
		{2FEC9A4E-E979-418F-9F70-148C098B102E}.Release|x86.Build.0 = Release|Any CPU
		{2FEC9A4E-E979-418F-9F70-148C098B102E}.Release|x86.Deploy.0 = Release|Any CPU
		{64927710-1096-4306-83A7-673752104161}.Debug|Any CPU.ActiveCfg = Debug|iPhoneSimulator
		{64927710-1096-4306-83A7-673752104161}.Debug|Any CPU.Build.0 = Debug|iPhoneSimulator
		{64927710-1096-4306-83A7-673752104161}.Debug|ARM.ActiveCfg = Debug|iPhone
		{64927710-1096-4306-83A7-673752104161}.Debug|iPhone.ActiveCfg = Debug|iPhone
		{64927710-1096-4306-83A7-673752104161}.Debug|iPhone.Build.0 = Debug|iPhone
		{64927710-1096-4306-83A7-673752104161}.Debug|iPhoneSimulator.ActiveCfg = Debug|iPhoneSimulator
		{64927710-1096-4306-83A7-673752104161}.Debug|iPhoneSimulator.Build.0 = Debug|iPhoneSimulator
		{64927710-1096-4306-83A7-673752104161}.Debug|x64.ActiveCfg = Debug|iPhone
		{64927710-1096-4306-83A7-673752104161}.Debug|x86.ActiveCfg = Debug|iPhone
		{64927710-1096-4306-83A7-673752104161}.Release|Any CPU.ActiveCfg = Release|iPhone
		{64927710-1096-4306-83A7-673752104161}.Release|ARM.ActiveCfg = Release|iPhone
		{64927710-1096-4306-83A7-673752104161}.Release|iPhone.ActiveCfg = Release|iPhone
		{64927710-1096-4306-83A7-673752104161}.Release|iPhone.Build.0 = Release|iPhone
		{64927710-1096-4306-83A7-673752104161}.Release|iPhoneSimulator.ActiveCfg = Release|iPhoneSimulator
		{64927710-1096-4306-83A7-673752104161}.Release|iPhoneSimulator.Build.0 = Release|iPhoneSimulator
		{64927710-1096-4306-83A7-673752104161}.Release|x64.ActiveCfg = Release|iPhone
		{64927710-1096-4306-83A7-673752104161}.Release|x86.ActiveCfg = Release|iPhone
		{4C1BCB25-6E56-4529-92B1-7BBD033A9C47}.Debug|Any CPU.ActiveCfg = Debug|x86
		{4C1BCB25-6E56-4529-92B1-7BBD033A9C47}.Debug|Any CPU.Build.0 = Debug|x86
		{4C1BCB25-6E56-4529-92B1-7BBD033A9C47}.Debug|Any CPU.Deploy.0 = Debug|x86
		{4C1BCB25-6E56-4529-92B1-7BBD033A9C47}.Debug|ARM.ActiveCfg = Debug|ARM
		{4C1BCB25-6E56-4529-92B1-7BBD033A9C47}.Debug|ARM.Build.0 = Debug|ARM
		{4C1BCB25-6E56-4529-92B1-7BBD033A9C47}.Debug|ARM.Deploy.0 = Debug|ARM
		{4C1BCB25-6E56-4529-92B1-7BBD033A9C47}.Debug|iPhone.ActiveCfg = Debug|x86
		{4C1BCB25-6E56-4529-92B1-7BBD033A9C47}.Debug|iPhoneSimulator.ActiveCfg = Debug|x86
		{4C1BCB25-6E56-4529-92B1-7BBD033A9C47}.Debug|x64.ActiveCfg = Debug|x64
		{4C1BCB25-6E56-4529-92B1-7BBD033A9C47}.Debug|x64.Build.0 = Debug|x64
		{4C1BCB25-6E56-4529-92B1-7BBD033A9C47}.Debug|x64.Deploy.0 = Debug|x64
		{4C1BCB25-6E56-4529-92B1-7BBD033A9C47}.Debug|x86.ActiveCfg = Debug|x86
		{4C1BCB25-6E56-4529-92B1-7BBD033A9C47}.Debug|x86.Build.0 = Debug|x86
		{4C1BCB25-6E56-4529-92B1-7BBD033A9C47}.Debug|x86.Deploy.0 = Debug|x86
		{4C1BCB25-6E56-4529-92B1-7BBD033A9C47}.Release|Any CPU.ActiveCfg = Release|x86
		{4C1BCB25-6E56-4529-92B1-7BBD033A9C47}.Release|ARM.ActiveCfg = Release|ARM
		{4C1BCB25-6E56-4529-92B1-7BBD033A9C47}.Release|ARM.Build.0 = Release|ARM
		{4C1BCB25-6E56-4529-92B1-7BBD033A9C47}.Release|ARM.Deploy.0 = Release|ARM
		{4C1BCB25-6E56-4529-92B1-7BBD033A9C47}.Release|iPhone.ActiveCfg = Release|x86
		{4C1BCB25-6E56-4529-92B1-7BBD033A9C47}.Release|iPhoneSimulator.ActiveCfg = Release|x86
		{4C1BCB25-6E56-4529-92B1-7BBD033A9C47}.Release|x64.ActiveCfg = Release|x64
		{4C1BCB25-6E56-4529-92B1-7BBD033A9C47}.Release|x64.Build.0 = Release|x64
		{4C1BCB25-6E56-4529-92B1-7BBD033A9C47}.Release|x64.Deploy.0 = Release|x64
		{4C1BCB25-6E56-4529-92B1-7BBD033A9C47}.Release|x86.ActiveCfg = Release|x86
		{4C1BCB25-6E56-4529-92B1-7BBD033A9C47}.Release|x86.Build.0 = Release|x86
		{4C1BCB25-6E56-4529-92B1-7BBD033A9C47}.Release|x86.Deploy.0 = Release|x86
		{46B7A6F7-C182-470A-A9F0-7464F8BE96BA}.Debug|Any CPU.ActiveCfg = Debug|Any CPU
		{46B7A6F7-C182-470A-A9F0-7464F8BE96BA}.Debug|Any CPU.Build.0 = Debug|Any CPU
		{46B7A6F7-C182-470A-A9F0-7464F8BE96BA}.Debug|ARM.ActiveCfg = Debug|Any CPU
		{46B7A6F7-C182-470A-A9F0-7464F8BE96BA}.Debug|ARM.Build.0 = Debug|Any CPU
		{46B7A6F7-C182-470A-A9F0-7464F8BE96BA}.Debug|iPhone.ActiveCfg = Debug|Any CPU
		{46B7A6F7-C182-470A-A9F0-7464F8BE96BA}.Debug|iPhone.Build.0 = Debug|Any CPU
		{46B7A6F7-C182-470A-A9F0-7464F8BE96BA}.Debug|iPhoneSimulator.ActiveCfg = Debug|Any CPU
		{46B7A6F7-C182-470A-A9F0-7464F8BE96BA}.Debug|iPhoneSimulator.Build.0 = Debug|Any CPU
		{46B7A6F7-C182-470A-A9F0-7464F8BE96BA}.Debug|x64.ActiveCfg = Debug|Any CPU
		{46B7A6F7-C182-470A-A9F0-7464F8BE96BA}.Debug|x64.Build.0 = Debug|Any CPU
		{46B7A6F7-C182-470A-A9F0-7464F8BE96BA}.Debug|x86.ActiveCfg = Debug|Any CPU
		{46B7A6F7-C182-470A-A9F0-7464F8BE96BA}.Debug|x86.Build.0 = Debug|Any CPU
		{46B7A6F7-C182-470A-A9F0-7464F8BE96BA}.Release|Any CPU.ActiveCfg = Release|Any CPU
		{46B7A6F7-C182-470A-A9F0-7464F8BE96BA}.Release|Any CPU.Build.0 = Release|Any CPU
		{46B7A6F7-C182-470A-A9F0-7464F8BE96BA}.Release|ARM.ActiveCfg = Release|Any CPU
		{46B7A6F7-C182-470A-A9F0-7464F8BE96BA}.Release|ARM.Build.0 = Release|Any CPU
		{46B7A6F7-C182-470A-A9F0-7464F8BE96BA}.Release|iPhone.ActiveCfg = Release|Any CPU
		{46B7A6F7-C182-470A-A9F0-7464F8BE96BA}.Release|iPhone.Build.0 = Release|Any CPU
		{46B7A6F7-C182-470A-A9F0-7464F8BE96BA}.Release|iPhoneSimulator.ActiveCfg = Release|Any CPU
		{46B7A6F7-C182-470A-A9F0-7464F8BE96BA}.Release|iPhoneSimulator.Build.0 = Release|Any CPU
		{46B7A6F7-C182-470A-A9F0-7464F8BE96BA}.Release|x64.ActiveCfg = Release|Any CPU
		{46B7A6F7-C182-470A-A9F0-7464F8BE96BA}.Release|x64.Build.0 = Release|Any CPU
		{46B7A6F7-C182-470A-A9F0-7464F8BE96BA}.Release|x86.ActiveCfg = Release|Any CPU
		{46B7A6F7-C182-470A-A9F0-7464F8BE96BA}.Release|x86.Build.0 = Release|Any CPU
	EndGlobalSection
	GlobalSection(SolutionProperties) = preSolution
		HideSolutionNode = FALSE
	EndGlobalSection
EndGlobal
